// !$*UTF8*$!
{
	archiveVersion = 1;
	classes = {
	};
	objectVersion = 48;
	objects = {

/* Begin PBXBuildFile section */
		03FF2BF31C3F7C9A500ACDE8 /* Pods_circuit_studioTests.framework in Frameworks */ = {isa = PBXBuildFile; fileRef = 6E1B18BCAC3A87BC9819FAD4 /* Pods_circuit_studioTests.framework */; };
		7BF936EE8644E5953E213943 /* Pods_circuit_studio.framework in Frameworks */ = {isa = PBXBuildFile; fileRef = EDBBE324D6280E4B9FA2AB9C /* Pods_circuit_studio.framework */; };
		AE6B8BB52020F4B400415E0C /* GridView.swift in Sources */ = {isa = PBXBuildFile; fileRef = AE6B8BB42020F4B400415E0C /* GridView.swift */; };
		DA08BDC3229B319081FD27BF /* Pods_circuit_studioUITests.framework in Frameworks */ = {isa = PBXBuildFile; fileRef = EAD4BA2C671AED845883D826 /* Pods_circuit_studioUITests.framework */; };
		E913D49A202A5F1200243BDE /* CircuitStudioAPI.swift in Sources */ = {isa = PBXBuildFile; fileRef = E913D499202A5F1200243BDE /* CircuitStudioAPI.swift */; };
		E913D49E202A609300243BDE /* CircuitStudioStack.swift in Sources */ = {isa = PBXBuildFile; fileRef = E913D49D202A609300243BDE /* CircuitStudioStack.swift */; };
		E913D4A0202A60A500243BDE /* CircuitStudioStack+Network.swift in Sources */ = {isa = PBXBuildFile; fileRef = E913D49F202A60A500243BDE /* CircuitStudioStack+Network.swift */; };
		E913D4A2202A745200243BDE /* Network+RegisterTests.swift in Sources */ = {isa = PBXBuildFile; fileRef = E913D4A1202A745200243BDE /* Network+RegisterTests.swift */; };
		E913D4A4202A80D200243BDE /* CircuitStudioAPIService.swift in Sources */ = {isa = PBXBuildFile; fileRef = E913D4A3202A80D200243BDE /* CircuitStudioAPIService.swift */; };
		E930FBAE201ECD6D006F6A2A /* CSDraggable.swift in Sources */ = {isa = PBXBuildFile; fileRef = E930FBAD201ECD6D006F6A2A /* CSDraggable.swift */; };
		E9335DA82011214100C9CC9E /* AppDelegate.swift in Sources */ = {isa = PBXBuildFile; fileRef = E9335DA72011214100C9CC9E /* AppDelegate.swift */; };
		E9335DAA2011214100C9CC9E /* ViewController.swift in Sources */ = {isa = PBXBuildFile; fileRef = E9335DA92011214100C9CC9E /* ViewController.swift */; };
		E9335DAD2011214100C9CC9E /* Main.storyboard in Resources */ = {isa = PBXBuildFile; fileRef = E9335DAB2011214100C9CC9E /* Main.storyboard */; };
		E9335DB02011214100C9CC9E /* circuit_studio.xcdatamodeld in Sources */ = {isa = PBXBuildFile; fileRef = E9335DAE2011214100C9CC9E /* circuit_studio.xcdatamodeld */; };
		E9335DB22011214100C9CC9E /* Assets.xcassets in Resources */ = {isa = PBXBuildFile; fileRef = E9335DB12011214100C9CC9E /* Assets.xcassets */; };
		E9335DB52011214100C9CC9E /* LaunchScreen.storyboard in Resources */ = {isa = PBXBuildFile; fileRef = E9335DB32011214100C9CC9E /* LaunchScreen.storyboard */; };
		E9335DCB2011214100C9CC9E /* circuit_studioUITests.swift in Sources */ = {isa = PBXBuildFile; fileRef = E9335DCA2011214100C9CC9E /* circuit_studioUITests.swift */; };
		E9F8371520315C44001540ED /* Network+LoginTests.swift in Sources */ = {isa = PBXBuildFile; fileRef = E9F8371420315C44001540ED /* Network+LoginTests.swift */; };
/* End PBXBuildFile section */

/* Begin PBXContainerItemProxy section */
		E9335DBC2011214100C9CC9E /* PBXContainerItemProxy */ = {
			isa = PBXContainerItemProxy;
			containerPortal = E9335D9C2011214100C9CC9E /* Project object */;
			proxyType = 1;
			remoteGlobalIDString = E9335DA32011214100C9CC9E;
			remoteInfo = "circuit-studio";
		};
		E9335DC72011214100C9CC9E /* PBXContainerItemProxy */ = {
			isa = PBXContainerItemProxy;
			containerPortal = E9335D9C2011214100C9CC9E /* Project object */;
			proxyType = 1;
			remoteGlobalIDString = E9335DA32011214100C9CC9E;
			remoteInfo = "circuit-studio";
		};
/* End PBXContainerItemProxy section */

/* Begin PBXFileReference section */
		10BDABCF1DEFFD6A6505A97F /* Pods-circuit-studioUITests.release.xcconfig */ = {isa = PBXFileReference; includeInIndex = 1; lastKnownFileType = text.xcconfig; name = "Pods-circuit-studioUITests.release.xcconfig"; path = "Pods/Target Support Files/Pods-circuit-studioUITests/Pods-circuit-studioUITests.release.xcconfig"; sourceTree = "<group>"; };
		54F7D370E432AB6377AA9ACC /* Pods-circuit-studio.release.xcconfig */ = {isa = PBXFileReference; includeInIndex = 1; lastKnownFileType = text.xcconfig; name = "Pods-circuit-studio.release.xcconfig"; path = "Pods/Target Support Files/Pods-circuit-studio/Pods-circuit-studio.release.xcconfig"; sourceTree = "<group>"; };
		5DD6B4DAAB3E3CFFAD87FF42 /* Pods-circuit-studioUITests.debug.xcconfig */ = {isa = PBXFileReference; includeInIndex = 1; lastKnownFileType = text.xcconfig; name = "Pods-circuit-studioUITests.debug.xcconfig"; path = "Pods/Target Support Files/Pods-circuit-studioUITests/Pods-circuit-studioUITests.debug.xcconfig"; sourceTree = "<group>"; };
		63B99E70F2266AE75E90E172 /* Pods-circuit-studioTests.release.xcconfig */ = {isa = PBXFileReference; includeInIndex = 1; lastKnownFileType = text.xcconfig; name = "Pods-circuit-studioTests.release.xcconfig"; path = "Pods/Target Support Files/Pods-circuit-studioTests/Pods-circuit-studioTests.release.xcconfig"; sourceTree = "<group>"; };
		6E1B18BCAC3A87BC9819FAD4 /* Pods_circuit_studioTests.framework */ = {isa = PBXFileReference; explicitFileType = wrapper.framework; includeInIndex = 0; path = Pods_circuit_studioTests.framework; sourceTree = BUILT_PRODUCTS_DIR; };
		72FE4C2346353D8998EB6C2E /* Pods-circuit-studio.debug.xcconfig */ = {isa = PBXFileReference; includeInIndex = 1; lastKnownFileType = text.xcconfig; name = "Pods-circuit-studio.debug.xcconfig"; path = "Pods/Target Support Files/Pods-circuit-studio/Pods-circuit-studio.debug.xcconfig"; sourceTree = "<group>"; };
		A66CA76F94C6C6D4DD19E3B2 /* Pods-circuit-studioTests.debug.xcconfig */ = {isa = PBXFileReference; includeInIndex = 1; lastKnownFileType = text.xcconfig; name = "Pods-circuit-studioTests.debug.xcconfig"; path = "Pods/Target Support Files/Pods-circuit-studioTests/Pods-circuit-studioTests.debug.xcconfig"; sourceTree = "<group>"; };
		AE6B8BB42020F4B400415E0C /* GridView.swift */ = {isa = PBXFileReference; lastKnownFileType = sourcecode.swift; path = GridView.swift; sourceTree = "<group>"; };
		E913D499202A5F1200243BDE /* CircuitStudioAPI.swift */ = {isa = PBXFileReference; fileEncoding = 4; lastKnownFileType = sourcecode.swift; path = CircuitStudioAPI.swift; sourceTree = "<group>"; };
		E913D49D202A609300243BDE /* CircuitStudioStack.swift */ = {isa = PBXFileReference; lastKnownFileType = sourcecode.swift; path = CircuitStudioStack.swift; sourceTree = "<group>"; };
		E913D49F202A60A500243BDE /* CircuitStudioStack+Network.swift */ = {isa = PBXFileReference; lastKnownFileType = sourcecode.swift; path = "CircuitStudioStack+Network.swift"; sourceTree = "<group>"; };
		E913D4A1202A745200243BDE /* Network+RegisterTests.swift */ = {isa = PBXFileReference; lastKnownFileType = sourcecode.swift; path = "Network+RegisterTests.swift"; sourceTree = "<group>"; };
		E913D4A3202A80D200243BDE /* CircuitStudioAPIService.swift */ = {isa = PBXFileReference; fileEncoding = 4; lastKnownFileType = sourcecode.swift; path = CircuitStudioAPIService.swift; sourceTree = "<group>"; };
		E930FBAD201ECD6D006F6A2A /* CSDraggable.swift */ = {isa = PBXFileReference; fileEncoding = 4; lastKnownFileType = sourcecode.swift; path = CSDraggable.swift; sourceTree = "<group>"; };
		E9335DA42011214100C9CC9E /* circuit-studio.app */ = {isa = PBXFileReference; explicitFileType = wrapper.application; includeInIndex = 0; path = "circuit-studio.app"; sourceTree = BUILT_PRODUCTS_DIR; };
		E9335DA72011214100C9CC9E /* AppDelegate.swift */ = {isa = PBXFileReference; lastKnownFileType = sourcecode.swift; path = AppDelegate.swift; sourceTree = "<group>"; };
		E9335DA92011214100C9CC9E /* ViewController.swift */ = {isa = PBXFileReference; lastKnownFileType = sourcecode.swift; path = ViewController.swift; sourceTree = "<group>"; };
		E9335DAC2011214100C9CC9E /* Base */ = {isa = PBXFileReference; lastKnownFileType = file.storyboard; name = Base; path = Base.lproj/Main.storyboard; sourceTree = "<group>"; };
		E9335DAF2011214100C9CC9E /* circuit_studio.xcdatamodel */ = {isa = PBXFileReference; lastKnownFileType = wrapper.xcdatamodel; path = circuit_studio.xcdatamodel; sourceTree = "<group>"; };
		E9335DB12011214100C9CC9E /* Assets.xcassets */ = {isa = PBXFileReference; lastKnownFileType = folder.assetcatalog; path = Assets.xcassets; sourceTree = "<group>"; };
		E9335DB42011214100C9CC9E /* Base */ = {isa = PBXFileReference; lastKnownFileType = file.storyboard; name = Base; path = Base.lproj/LaunchScreen.storyboard; sourceTree = "<group>"; };
		E9335DB62011214100C9CC9E /* Info.plist */ = {isa = PBXFileReference; lastKnownFileType = text.plist.xml; path = Info.plist; sourceTree = "<group>"; };
		E9335DBB2011214100C9CC9E /* circuit-studioTests.xctest */ = {isa = PBXFileReference; explicitFileType = wrapper.cfbundle; includeInIndex = 0; path = "circuit-studioTests.xctest"; sourceTree = BUILT_PRODUCTS_DIR; };
		E9335DC12011214100C9CC9E /* Info.plist */ = {isa = PBXFileReference; lastKnownFileType = text.plist.xml; path = Info.plist; sourceTree = "<group>"; };
		E9335DC62011214100C9CC9E /* circuit-studioUITests.xctest */ = {isa = PBXFileReference; explicitFileType = wrapper.cfbundle; includeInIndex = 0; path = "circuit-studioUITests.xctest"; sourceTree = BUILT_PRODUCTS_DIR; };
		E9335DCA2011214100C9CC9E /* circuit_studioUITests.swift */ = {isa = PBXFileReference; lastKnownFileType = sourcecode.swift; path = circuit_studioUITests.swift; sourceTree = "<group>"; };
		E9335DCC2011214100C9CC9E /* Info.plist */ = {isa = PBXFileReference; lastKnownFileType = text.plist.xml; path = Info.plist; sourceTree = "<group>"; };
		E9F8371420315C44001540ED /* Network+LoginTests.swift */ = {isa = PBXFileReference; lastKnownFileType = sourcecode.swift; path = "Network+LoginTests.swift"; sourceTree = "<group>"; };
		EAD4BA2C671AED845883D826 /* Pods_circuit_studioUITests.framework */ = {isa = PBXFileReference; explicitFileType = wrapper.framework; includeInIndex = 0; path = Pods_circuit_studioUITests.framework; sourceTree = BUILT_PRODUCTS_DIR; };
		EDBBE324D6280E4B9FA2AB9C /* Pods_circuit_studio.framework */ = {isa = PBXFileReference; explicitFileType = wrapper.framework; includeInIndex = 0; path = Pods_circuit_studio.framework; sourceTree = BUILT_PRODUCTS_DIR; };
/* End PBXFileReference section */

/* Begin PBXFrameworksBuildPhase section */
		E9335DA12011214100C9CC9E /* Frameworks */ = {
			isa = PBXFrameworksBuildPhase;
			buildActionMask = 2147483647;
			files = (
				7BF936EE8644E5953E213943 /* Pods_circuit_studio.framework in Frameworks */,
			);
			runOnlyForDeploymentPostprocessing = 0;
		};
		E9335DB82011214100C9CC9E /* Frameworks */ = {
			isa = PBXFrameworksBuildPhase;
			buildActionMask = 2147483647;
			files = (
				03FF2BF31C3F7C9A500ACDE8 /* Pods_circuit_studioTests.framework in Frameworks */,
			);
			runOnlyForDeploymentPostprocessing = 0;
		};
		E9335DC32011214100C9CC9E /* Frameworks */ = {
			isa = PBXFrameworksBuildPhase;
			buildActionMask = 2147483647;
			files = (
				DA08BDC3229B319081FD27BF /* Pods_circuit_studioUITests.framework in Frameworks */,
			);
			runOnlyForDeploymentPostprocessing = 0;
		};
/* End PBXFrameworksBuildPhase section */

/* Begin PBXGroup section */
		758E2A3A6291191668D16322 /* Frameworks */ = {
			isa = PBXGroup;
			children = (
				EDBBE324D6280E4B9FA2AB9C /* Pods_circuit_studio.framework */,
				6E1B18BCAC3A87BC9819FAD4 /* Pods_circuit_studioTests.framework */,
				EAD4BA2C671AED845883D826 /* Pods_circuit_studioUITests.framework */,
			);
			name = Frameworks;
			sourceTree = "<group>";
		};
		AE6B8BB72020F88200415E0C /* Supporting Files */ = {
			isa = PBXGroup;
			children = (
				E9335DB32011214100C9CC9E /* LaunchScreen.storyboard */,
				E9335DB62011214100C9CC9E /* Info.plist */,
				E9335DAE2011214100C9CC9E /* circuit_studio.xcdatamodeld */,
				E9335DA72011214100C9CC9E /* AppDelegate.swift */,
			);
			name = "Supporting Files";
			sourceTree = "<group>";
		};
		AE6B8BB82020F89800415E0C /* View Controllers */ = {
			isa = PBXGroup;
			children = (
				E9335DA92011214100C9CC9E /* ViewController.swift */,
			);
			name = "View Controllers";
			sourceTree = "<group>";
		};
		AE6B8BB92020F8A500415E0C /* Views */ = {
			isa = PBXGroup;
			children = (
				AE6B8BB42020F4B400415E0C /* GridView.swift */,
			);
			name = Views;
			sourceTree = "<group>";
		};
		AE6B8BBA2020F8AC00415E0C /* Storyboards */ = {
			isa = PBXGroup;
			children = (
				E9335DAB2011214100C9CC9E /* Main.storyboard */,
			);
			name = Storyboards;
			sourceTree = "<group>";
		};
		AE6B8BBB2020F8B700415E0C /* Extensions */ = {
			isa = PBXGroup;
			children = (
			);
			name = Extensions;
			sourceTree = "<group>";
		};
		AE6B8BBC2020F8BC00415E0C /* Helpers */ = {
			isa = PBXGroup;
			children = (
				E913D499202A5F1200243BDE /* CircuitStudioAPI.swift */,
				E913D4A3202A80D200243BDE /* CircuitStudioAPIService.swift */,
				E913D49D202A609300243BDE /* CircuitStudioStack.swift */,
				E913D49F202A60A500243BDE /* CircuitStudioStack+Network.swift */,
			);
			name = Helpers;
			sourceTree = "<group>";
		};
		E930FBAA201EC737006F6A2A /* Models */ = {
			isa = PBXGroup;
			children = (
				E930FBAD201ECD6D006F6A2A /* CSDraggable.swift */,
			);
			name = Models;
			sourceTree = "<group>";
		};
		E9335D9B2011214100C9CC9E = {
			isa = PBXGroup;
			children = (
				E9335DA62011214100C9CC9E /* circuit-studio */,
				E9335DBE2011214100C9CC9E /* circuit-studioTests */,
				E9335DC92011214100C9CC9E /* circuit-studioUITests */,
				E9335DA52011214100C9CC9E /* Products */,
				F176088A2CA1EDB77EE5407A /* Pods */,
				758E2A3A6291191668D16322 /* Frameworks */,
			);
			sourceTree = "<group>";
		};
		E9335DA52011214100C9CC9E /* Products */ = {
			isa = PBXGroup;
			children = (
				E9335DA42011214100C9CC9E /* circuit-studio.app */,
				E9335DBB2011214100C9CC9E /* circuit-studioTests.xctest */,
				E9335DC62011214100C9CC9E /* circuit-studioUITests.xctest */,
			);
			name = Products;
			sourceTree = "<group>";
		};
		E9335DA62011214100C9CC9E /* circuit-studio */ = {
			isa = PBXGroup;
			children = (
				AE6B8BBC2020F8BC00415E0C /* Helpers */,
				AE6B8BBB2020F8B700415E0C /* Extensions */,
				AE6B8BBA2020F8AC00415E0C /* Storyboards */,
				AE6B8BB92020F8A500415E0C /* Views */,
				AE6B8BB82020F89800415E0C /* View Controllers */,
				AE6B8BB72020F88200415E0C /* Supporting Files */,
				E930FBAA201EC737006F6A2A /* Models */,
				E9335DB12011214100C9CC9E /* Assets.xcassets */,
			);
			path = "circuit-studio";
			sourceTree = "<group>";
		};
		E9335DBE2011214100C9CC9E /* circuit-studioTests */ = {
			isa = PBXGroup;
			children = (
				E913D4A1202A745200243BDE /* Network+RegisterTests.swift */,
				E9F8371420315C44001540ED /* Network+LoginTests.swift */,
				E9335DC12011214100C9CC9E /* Info.plist */,
			);
			path = "circuit-studioTests";
			sourceTree = "<group>";
		};
		E9335DC92011214100C9CC9E /* circuit-studioUITests */ = {
			isa = PBXGroup;
			children = (
				E9335DCA2011214100C9CC9E /* circuit_studioUITests.swift */,
				E9335DCC2011214100C9CC9E /* Info.plist */,
			);
			path = "circuit-studioUITests";
			sourceTree = "<group>";
		};
		F176088A2CA1EDB77EE5407A /* Pods */ = {
			isa = PBXGroup;
			children = (
				72FE4C2346353D8998EB6C2E /* Pods-circuit-studio.debug.xcconfig */,
				54F7D370E432AB6377AA9ACC /* Pods-circuit-studio.release.xcconfig */,
				A66CA76F94C6C6D4DD19E3B2 /* Pods-circuit-studioTests.debug.xcconfig */,
				63B99E70F2266AE75E90E172 /* Pods-circuit-studioTests.release.xcconfig */,
				5DD6B4DAAB3E3CFFAD87FF42 /* Pods-circuit-studioUITests.debug.xcconfig */,
				10BDABCF1DEFFD6A6505A97F /* Pods-circuit-studioUITests.release.xcconfig */,
			);
			name = Pods;
			sourceTree = "<group>";
		};
/* End PBXGroup section */

/* Begin PBXNativeTarget section */
		E9335DA32011214100C9CC9E /* circuit-studio */ = {
			isa = PBXNativeTarget;
			buildConfigurationList = E9335DCF2011214100C9CC9E /* Build configuration list for PBXNativeTarget "circuit-studio" */;
			buildPhases = (
				B03CE0274D1B93747C1D4E71 /* [CP] Check Pods Manifest.lock */,
				E9335DA02011214100C9CC9E /* Sources */,
				E9335DA12011214100C9CC9E /* Frameworks */,
				E9335DA22011214100C9CC9E /* Resources */,
				7A8D6BF6CDE2ADEE336A5E8A /* [CP] Embed Pods Frameworks */,
				288D36EE57045545D4B6755D /* [CP] Copy Pods Resources */,
			);
			buildRules = (
			);
			dependencies = (
			);
			name = "circuit-studio";
			productName = "circuit-studio";
			productReference = E9335DA42011214100C9CC9E /* circuit-studio.app */;
			productType = "com.apple.product-type.application";
		};
		E9335DBA2011214100C9CC9E /* circuit-studioTests */ = {
			isa = PBXNativeTarget;
			buildConfigurationList = E9335DD22011214100C9CC9E /* Build configuration list for PBXNativeTarget "circuit-studioTests" */;
			buildPhases = (
				60F45AA9C1B0A87EA1079462 /* [CP] Check Pods Manifest.lock */,
				E9335DB72011214100C9CC9E /* Sources */,
				E9335DB82011214100C9CC9E /* Frameworks */,
				E9335DB92011214100C9CC9E /* Resources */,
				CD8ED644311A2A94C88875BE /* [CP] Embed Pods Frameworks */,
				447B077DA0B734BE7C1A428D /* [CP] Copy Pods Resources */,
			);
			buildRules = (
			);
			dependencies = (
				E9335DBD2011214100C9CC9E /* PBXTargetDependency */,
			);
			name = "circuit-studioTests";
			productName = "circuit-studioTests";
			productReference = E9335DBB2011214100C9CC9E /* circuit-studioTests.xctest */;
			productType = "com.apple.product-type.bundle.unit-test";
		};
		E9335DC52011214100C9CC9E /* circuit-studioUITests */ = {
			isa = PBXNativeTarget;
			buildConfigurationList = E9335DD52011214100C9CC9E /* Build configuration list for PBXNativeTarget "circuit-studioUITests" */;
			buildPhases = (
				E8161C667217BDE87A361D26 /* [CP] Check Pods Manifest.lock */,
				E9335DC22011214100C9CC9E /* Sources */,
				E9335DC32011214100C9CC9E /* Frameworks */,
				E9335DC42011214100C9CC9E /* Resources */,
				1FE99B5109DEB9F3ABF718D5 /* [CP] Embed Pods Frameworks */,
				4F8405904AC6BB2EB4877A13 /* [CP] Copy Pods Resources */,
			);
			buildRules = (
			);
			dependencies = (
				E9335DC82011214100C9CC9E /* PBXTargetDependency */,
			);
			name = "circuit-studioUITests";
			productName = "circuit-studioUITests";
			productReference = E9335DC62011214100C9CC9E /* circuit-studioUITests.xctest */;
			productType = "com.apple.product-type.bundle.ui-testing";
		};
/* End PBXNativeTarget section */

/* Begin PBXProject section */
		E9335D9C2011214100C9CC9E /* Project object */ = {
			isa = PBXProject;
			attributes = {
				LastSwiftUpdateCheck = 0920;
				LastUpgradeCheck = 0920;
				ORGANIZATIONNAME = "Circuit Studio";
				TargetAttributes = {
					E9335DA32011214100C9CC9E = {
						CreatedOnToolsVersion = 9.2;
						ProvisioningStyle = Automatic;
					};
					E9335DBA2011214100C9CC9E = {
						CreatedOnToolsVersion = 9.2;
						ProvisioningStyle = Automatic;
						TestTargetID = E9335DA32011214100C9CC9E;
					};
					E9335DC52011214100C9CC9E = {
						CreatedOnToolsVersion = 9.2;
						ProvisioningStyle = Automatic;
						TestTargetID = E9335DA32011214100C9CC9E;
					};
				};
			};
			buildConfigurationList = E9335D9F2011214100C9CC9E /* Build configuration list for PBXProject "circuit-studio" */;
			compatibilityVersion = "Xcode 8.0";
			developmentRegion = en;
			hasScannedForEncodings = 0;
			knownRegions = (
				en,
				Base,
			);
			mainGroup = E9335D9B2011214100C9CC9E;
			productRefGroup = E9335DA52011214100C9CC9E /* Products */;
			projectDirPath = "";
			projectRoot = "";
			targets = (
				E9335DA32011214100C9CC9E /* circuit-studio */,
				E9335DBA2011214100C9CC9E /* circuit-studioTests */,
				E9335DC52011214100C9CC9E /* circuit-studioUITests */,
			);
		};
/* End PBXProject section */

/* Begin PBXResourcesBuildPhase section */
		E9335DA22011214100C9CC9E /* Resources */ = {
			isa = PBXResourcesBuildPhase;
			buildActionMask = 2147483647;
			files = (
				E9335DB52011214100C9CC9E /* LaunchScreen.storyboard in Resources */,
				E9335DB22011214100C9CC9E /* Assets.xcassets in Resources */,
				E9335DAD2011214100C9CC9E /* Main.storyboard in Resources */,
			);
			runOnlyForDeploymentPostprocessing = 0;
		};
		E9335DB92011214100C9CC9E /* Resources */ = {
			isa = PBXResourcesBuildPhase;
			buildActionMask = 2147483647;
			files = (
			);
			runOnlyForDeploymentPostprocessing = 0;
		};
		E9335DC42011214100C9CC9E /* Resources */ = {
			isa = PBXResourcesBuildPhase;
			buildActionMask = 2147483647;
			files = (
			);
			runOnlyForDeploymentPostprocessing = 0;
		};
/* End PBXResourcesBuildPhase section */

/* Begin PBXShellScriptBuildPhase section */
		1FE99B5109DEB9F3ABF718D5 /* [CP] Embed Pods Frameworks */ = {
			isa = PBXShellScriptBuildPhase;
			buildActionMask = 2147483647;
			files = (
			);
			inputPaths = (
			);
			name = "[CP] Embed Pods Frameworks";
			outputPaths = (
			);
			runOnlyForDeploymentPostprocessing = 0;
			shellPath = /bin/sh;
			shellScript = "\"${SRCROOT}/Pods/Target Support Files/Pods-circuit-studioUITests/Pods-circuit-studioUITests-frameworks.sh\"\n";
			showEnvVarsInLog = 0;
		};
		288D36EE57045545D4B6755D /* [CP] Copy Pods Resources */ = {
			isa = PBXShellScriptBuildPhase;
			buildActionMask = 2147483647;
			files = (
			);
			inputPaths = (
			);
			name = "[CP] Copy Pods Resources";
			outputPaths = (
			);
			runOnlyForDeploymentPostprocessing = 0;
			shellPath = /bin/sh;
			shellScript = "\"${SRCROOT}/Pods/Target Support Files/Pods-circuit-studio/Pods-circuit-studio-resources.sh\"\n";
			showEnvVarsInLog = 0;
		};
		447B077DA0B734BE7C1A428D /* [CP] Copy Pods Resources */ = {
			isa = PBXShellScriptBuildPhase;
			buildActionMask = 2147483647;
			files = (
			);
			inputPaths = (
			);
			name = "[CP] Copy Pods Resources";
			outputPaths = (
			);
			runOnlyForDeploymentPostprocessing = 0;
			shellPath = /bin/sh;
			shellScript = "\"${SRCROOT}/Pods/Target Support Files/Pods-circuit-studioTests/Pods-circuit-studioTests-resources.sh\"\n";
			showEnvVarsInLog = 0;
		};
		4F8405904AC6BB2EB4877A13 /* [CP] Copy Pods Resources */ = {
			isa = PBXShellScriptBuildPhase;
			buildActionMask = 2147483647;
			files = (
			);
			inputPaths = (
			);
			name = "[CP] Copy Pods Resources";
			outputPaths = (
			);
			runOnlyForDeploymentPostprocessing = 0;
			shellPath = /bin/sh;
			shellScript = "\"${SRCROOT}/Pods/Target Support Files/Pods-circuit-studioUITests/Pods-circuit-studioUITests-resources.sh\"\n";
			showEnvVarsInLog = 0;
		};
		60F45AA9C1B0A87EA1079462 /* [CP] Check Pods Manifest.lock */ = {
			isa = PBXShellScriptBuildPhase;
			buildActionMask = 2147483647;
			files = (
			);
			inputPaths = (
				"${PODS_PODFILE_DIR_PATH}/Podfile.lock",
				"${PODS_ROOT}/Manifest.lock",
			);
			name = "[CP] Check Pods Manifest.lock";
			outputPaths = (
				"$(DERIVED_FILE_DIR)/Pods-circuit-studioTests-checkManifestLockResult.txt",
			);
			runOnlyForDeploymentPostprocessing = 0;
			shellPath = /bin/sh;
			shellScript = "diff \"${PODS_PODFILE_DIR_PATH}/Podfile.lock\" \"${PODS_ROOT}/Manifest.lock\" > /dev/null\nif [ $? != 0 ] ; then\n    # print error to STDERR\n    echo \"error: The sandbox is not in sync with the Podfile.lock. Run 'pod install' or update your CocoaPods installation.\" >&2\n    exit 1\nfi\n# This output is used by Xcode 'outputs' to avoid re-running this script phase.\necho \"SUCCESS\" > \"${SCRIPT_OUTPUT_FILE_0}\"\n";
			showEnvVarsInLog = 0;
		};
		7A8D6BF6CDE2ADEE336A5E8A /* [CP] Embed Pods Frameworks */ = {
			isa = PBXShellScriptBuildPhase;
			buildActionMask = 2147483647;
			files = (
			);
			inputPaths = (
				"${SRCROOT}/Pods/Target Support Files/Pods-circuit-studio/Pods-circuit-studio-frameworks.sh",
				"${BUILT_PRODUCTS_DIR}/Alamofire/Alamofire.framework",
				"${BUILT_PRODUCTS_DIR}/Moya/Moya.framework",
				"${BUILT_PRODUCTS_DIR}/Result/Result.framework",
				"${BUILT_PRODUCTS_DIR}/SwiftyJSON/SwiftyJSON.framework",
			);
			name = "[CP] Embed Pods Frameworks";
			outputPaths = (
				"${TARGET_BUILD_DIR}/${FRAMEWORKS_FOLDER_PATH}/Alamofire.framework",
				"${TARGET_BUILD_DIR}/${FRAMEWORKS_FOLDER_PATH}/Moya.framework",
				"${TARGET_BUILD_DIR}/${FRAMEWORKS_FOLDER_PATH}/Result.framework",
				"${TARGET_BUILD_DIR}/${FRAMEWORKS_FOLDER_PATH}/SwiftyJSON.framework",
			);
			runOnlyForDeploymentPostprocessing = 0;
			shellPath = /bin/sh;
			shellScript = "\"${SRCROOT}/Pods/Target Support Files/Pods-circuit-studio/Pods-circuit-studio-frameworks.sh\"\n";
			showEnvVarsInLog = 0;
		};
		B03CE0274D1B93747C1D4E71 /* [CP] Check Pods Manifest.lock */ = {
			isa = PBXShellScriptBuildPhase;
			buildActionMask = 2147483647;
			files = (
			);
			inputPaths = (
				"${PODS_PODFILE_DIR_PATH}/Podfile.lock",
				"${PODS_ROOT}/Manifest.lock",
			);
			name = "[CP] Check Pods Manifest.lock";
			outputPaths = (
				"$(DERIVED_FILE_DIR)/Pods-circuit-studio-checkManifestLockResult.txt",
			);
			runOnlyForDeploymentPostprocessing = 0;
			shellPath = /bin/sh;
			shellScript = "diff \"${PODS_PODFILE_DIR_PATH}/Podfile.lock\" \"${PODS_ROOT}/Manifest.lock\" > /dev/null\nif [ $? != 0 ] ; then\n    # print error to STDERR\n    echo \"error: The sandbox is not in sync with the Podfile.lock. Run 'pod install' or update your CocoaPods installation.\" >&2\n    exit 1\nfi\n# This output is used by Xcode 'outputs' to avoid re-running this script phase.\necho \"SUCCESS\" > \"${SCRIPT_OUTPUT_FILE_0}\"\n";
			showEnvVarsInLog = 0;
		};
		CD8ED644311A2A94C88875BE /* [CP] Embed Pods Frameworks */ = {
			isa = PBXShellScriptBuildPhase;
			buildActionMask = 2147483647;
			files = (
			);
			inputPaths = (
				"${SRCROOT}/Pods/Target Support Files/Pods-circuit-studioTests/Pods-circuit-studioTests-frameworks.sh",
				"${BUILT_PRODUCTS_DIR}/Nimble/Nimble.framework",
				"${BUILT_PRODUCTS_DIR}/Quick/Quick.framework",
			);
			name = "[CP] Embed Pods Frameworks";
			outputPaths = (
				"${TARGET_BUILD_DIR}/${FRAMEWORKS_FOLDER_PATH}/Nimble.framework",
				"${TARGET_BUILD_DIR}/${FRAMEWORKS_FOLDER_PATH}/Quick.framework",
			);
			runOnlyForDeploymentPostprocessing = 0;
			shellPath = /bin/sh;
			shellScript = "\"${SRCROOT}/Pods/Target Support Files/Pods-circuit-studioTests/Pods-circuit-studioTests-frameworks.sh\"\n";
			showEnvVarsInLog = 0;
		};
		E8161C667217BDE87A361D26 /* [CP] Check Pods Manifest.lock */ = {
			isa = PBXShellScriptBuildPhase;
			buildActionMask = 2147483647;
			files = (
			);
			inputPaths = (
				"${PODS_PODFILE_DIR_PATH}/Podfile.lock",
				"${PODS_ROOT}/Manifest.lock",
			);
			name = "[CP] Check Pods Manifest.lock";
			outputPaths = (
				"$(DERIVED_FILE_DIR)/Pods-circuit-studioUITests-checkManifestLockResult.txt",
			);
			runOnlyForDeploymentPostprocessing = 0;
			shellPath = /bin/sh;
			shellScript = "diff \"${PODS_PODFILE_DIR_PATH}/Podfile.lock\" \"${PODS_ROOT}/Manifest.lock\" > /dev/null\nif [ $? != 0 ] ; then\n    # print error to STDERR\n    echo \"error: The sandbox is not in sync with the Podfile.lock. Run 'pod install' or update your CocoaPods installation.\" >&2\n    exit 1\nfi\n# This output is used by Xcode 'outputs' to avoid re-running this script phase.\necho \"SUCCESS\" > \"${SCRIPT_OUTPUT_FILE_0}\"\n";
			showEnvVarsInLog = 0;
		};
/* End PBXShellScriptBuildPhase section */

/* Begin PBXSourcesBuildPhase section */
		E9335DA02011214100C9CC9E /* Sources */ = {
			isa = PBXSourcesBuildPhase;
			buildActionMask = 2147483647;
			files = (
				E9335DAA2011214100C9CC9E /* ViewController.swift in Sources */,
				E9335DB02011214100C9CC9E /* circuit_studio.xcdatamodeld in Sources */,
				E913D49A202A5F1200243BDE /* CircuitStudioAPI.swift in Sources */,
				E913D4A0202A60A500243BDE /* CircuitStudioStack+Network.swift in Sources */,
				E913D49E202A609300243BDE /* CircuitStudioStack.swift in Sources */,
				E9335DA82011214100C9CC9E /* AppDelegate.swift in Sources */,
				AE6B8BB52020F4B400415E0C /* GridView.swift in Sources */,
				E913D4A4202A80D200243BDE /* CircuitStudioAPIService.swift in Sources */,
				E930FBAE201ECD6D006F6A2A /* CSDraggable.swift in Sources */,
			);
			runOnlyForDeploymentPostprocessing = 0;
		};
		E9335DB72011214100C9CC9E /* Sources */ = {
			isa = PBXSourcesBuildPhase;
			buildActionMask = 2147483647;
			files = (
				E9F8371520315C44001540ED /* Network+LoginTests.swift in Sources */,
				E913D4A2202A745200243BDE /* Network+RegisterTests.swift in Sources */,
			);
			runOnlyForDeploymentPostprocessing = 0;
		};
		E9335DC22011214100C9CC9E /* Sources */ = {
			isa = PBXSourcesBuildPhase;
			buildActionMask = 2147483647;
			files = (
				E9335DCB2011214100C9CC9E /* circuit_studioUITests.swift in Sources */,
			);
			runOnlyForDeploymentPostprocessing = 0;
		};
/* End PBXSourcesBuildPhase section */

/* Begin PBXTargetDependency section */
		E9335DBD2011214100C9CC9E /* PBXTargetDependency */ = {
			isa = PBXTargetDependency;
			target = E9335DA32011214100C9CC9E /* circuit-studio */;
			targetProxy = E9335DBC2011214100C9CC9E /* PBXContainerItemProxy */;
		};
		E9335DC82011214100C9CC9E /* PBXTargetDependency */ = {
			isa = PBXTargetDependency;
			target = E9335DA32011214100C9CC9E /* circuit-studio */;
			targetProxy = E9335DC72011214100C9CC9E /* PBXContainerItemProxy */;
		};
/* End PBXTargetDependency section */

/* Begin PBXVariantGroup section */
		E9335DAB2011214100C9CC9E /* Main.storyboard */ = {
			isa = PBXVariantGroup;
			children = (
				E9335DAC2011214100C9CC9E /* Base */,
			);
			name = Main.storyboard;
			sourceTree = "<group>";
		};
		E9335DB32011214100C9CC9E /* LaunchScreen.storyboard */ = {
			isa = PBXVariantGroup;
			children = (
				E9335DB42011214100C9CC9E /* Base */,
			);
			name = LaunchScreen.storyboard;
			sourceTree = "<group>";
		};
/* End PBXVariantGroup section */

/* Begin XCBuildConfiguration section */
		E9335DCD2011214100C9CC9E /* Debug */ = {
			isa = XCBuildConfiguration;
			buildSettings = {
				ALWAYS_SEARCH_USER_PATHS = NO;
				CLANG_ANALYZER_NONNULL = YES;
				CLANG_ANALYZER_NUMBER_OBJECT_CONVERSION = YES_AGGRESSIVE;
				CLANG_CXX_LANGUAGE_STANDARD = "gnu++14";
				CLANG_CXX_LIBRARY = "libc++";
				CLANG_ENABLE_MODULES = YES;
				CLANG_ENABLE_OBJC_ARC = YES;
				CLANG_WARN_BLOCK_CAPTURE_AUTORELEASING = YES;
				CLANG_WARN_BOOL_CONVERSION = YES;
				CLANG_WARN_COMMA = YES;
				CLANG_WARN_CONSTANT_CONVERSION = YES;
				CLANG_WARN_DIRECT_OBJC_ISA_USAGE = YES_ERROR;
				CLANG_WARN_DOCUMENTATION_COMMENTS = YES;
				CLANG_WARN_EMPTY_BODY = YES;
				CLANG_WARN_ENUM_CONVERSION = YES;
				CLANG_WARN_INFINITE_RECURSION = YES;
				CLANG_WARN_INT_CONVERSION = YES;
				CLANG_WARN_NON_LITERAL_NULL_CONVERSION = YES;
				CLANG_WARN_OBJC_LITERAL_CONVERSION = YES;
				CLANG_WARN_OBJC_ROOT_CLASS = YES_ERROR;
				CLANG_WARN_RANGE_LOOP_ANALYSIS = YES;
				CLANG_WARN_STRICT_PROTOTYPES = YES;
				CLANG_WARN_SUSPICIOUS_MOVE = YES;
				CLANG_WARN_UNGUARDED_AVAILABILITY = YES_AGGRESSIVE;
				CLANG_WARN_UNREACHABLE_CODE = YES;
				CLANG_WARN__DUPLICATE_METHOD_MATCH = YES;
				CODE_SIGN_IDENTITY = "iPhone Developer";
				COPY_PHASE_STRIP = NO;
				DEBUG_INFORMATION_FORMAT = dwarf;
				ENABLE_STRICT_OBJC_MSGSEND = YES;
				ENABLE_TESTABILITY = YES;
				GCC_C_LANGUAGE_STANDARD = gnu11;
				GCC_DYNAMIC_NO_PIC = NO;
				GCC_NO_COMMON_BLOCKS = YES;
				GCC_OPTIMIZATION_LEVEL = 0;
				GCC_PREPROCESSOR_DEFINITIONS = (
					"DEBUG=1",
					"$(inherited)",
				);
				GCC_WARN_64_TO_32_BIT_CONVERSION = YES;
				GCC_WARN_ABOUT_RETURN_TYPE = YES_ERROR;
				GCC_WARN_UNDECLARED_SELECTOR = YES;
				GCC_WARN_UNINITIALIZED_AUTOS = YES_AGGRESSIVE;
				GCC_WARN_UNUSED_FUNCTION = YES;
				GCC_WARN_UNUSED_VARIABLE = YES;
				IPHONEOS_DEPLOYMENT_TARGET = 11.2;
				MTL_ENABLE_DEBUG_INFO = YES;
				ONLY_ACTIVE_ARCH = YES;
				SDKROOT = iphoneos;
				SWIFT_ACTIVE_COMPILATION_CONDITIONS = DEBUG;
				SWIFT_OPTIMIZATION_LEVEL = "-Onone";
			};
			name = Debug;
		};
		E9335DCE2011214100C9CC9E /* Release */ = {
			isa = XCBuildConfiguration;
			buildSettings = {
				ALWAYS_SEARCH_USER_PATHS = NO;
				CLANG_ANALYZER_NONNULL = YES;
				CLANG_ANALYZER_NUMBER_OBJECT_CONVERSION = YES_AGGRESSIVE;
				CLANG_CXX_LANGUAGE_STANDARD = "gnu++14";
				CLANG_CXX_LIBRARY = "libc++";
				CLANG_ENABLE_MODULES = YES;
				CLANG_ENABLE_OBJC_ARC = YES;
				CLANG_WARN_BLOCK_CAPTURE_AUTORELEASING = YES;
				CLANG_WARN_BOOL_CONVERSION = YES;
				CLANG_WARN_COMMA = YES;
				CLANG_WARN_CONSTANT_CONVERSION = YES;
				CLANG_WARN_DIRECT_OBJC_ISA_USAGE = YES_ERROR;
				CLANG_WARN_DOCUMENTATION_COMMENTS = YES;
				CLANG_WARN_EMPTY_BODY = YES;
				CLANG_WARN_ENUM_CONVERSION = YES;
				CLANG_WARN_INFINITE_RECURSION = YES;
				CLANG_WARN_INT_CONVERSION = YES;
				CLANG_WARN_NON_LITERAL_NULL_CONVERSION = YES;
				CLANG_WARN_OBJC_LITERAL_CONVERSION = YES;
				CLANG_WARN_OBJC_ROOT_CLASS = YES_ERROR;
				CLANG_WARN_RANGE_LOOP_ANALYSIS = YES;
				CLANG_WARN_STRICT_PROTOTYPES = YES;
				CLANG_WARN_SUSPICIOUS_MOVE = YES;
				CLANG_WARN_UNGUARDED_AVAILABILITY = YES_AGGRESSIVE;
				CLANG_WARN_UNREACHABLE_CODE = YES;
				CLANG_WARN__DUPLICATE_METHOD_MATCH = YES;
				CODE_SIGN_IDENTITY = "iPhone Developer";
				COPY_PHASE_STRIP = NO;
				DEBUG_INFORMATION_FORMAT = "dwarf-with-dsym";
				ENABLE_NS_ASSERTIONS = NO;
				ENABLE_STRICT_OBJC_MSGSEND = YES;
				GCC_C_LANGUAGE_STANDARD = gnu11;
				GCC_NO_COMMON_BLOCKS = YES;
				GCC_WARN_64_TO_32_BIT_CONVERSION = YES;
				GCC_WARN_ABOUT_RETURN_TYPE = YES_ERROR;
				GCC_WARN_UNDECLARED_SELECTOR = YES;
				GCC_WARN_UNINITIALIZED_AUTOS = YES_AGGRESSIVE;
				GCC_WARN_UNUSED_FUNCTION = YES;
				GCC_WARN_UNUSED_VARIABLE = YES;
				IPHONEOS_DEPLOYMENT_TARGET = 11.2;
				MTL_ENABLE_DEBUG_INFO = NO;
				SDKROOT = iphoneos;
				SWIFT_OPTIMIZATION_LEVEL = "-Owholemodule";
				VALIDATE_PRODUCT = YES;
			};
			name = Release;
		};
		E9335DD02011214100C9CC9E /* Debug */ = {
			isa = XCBuildConfiguration;
			baseConfigurationReference = 72FE4C2346353D8998EB6C2E /* Pods-circuit-studio.debug.xcconfig */;
			buildSettings = {
				ASSETCATALOG_COMPILER_APPICON_NAME = AppIcon;
				CODE_SIGN_STYLE = Automatic;
				DEVELOPMENT_TEAM = P4PBGN25JV;
				INFOPLIST_FILE = "circuit-studio/Info.plist";
				KEEP_PRIVATE_EXTERNS = NO;
				LD_RUNPATH_SEARCH_PATHS = "$(inherited) @executable_path/Frameworks";
				PRODUCT_BUNDLE_IDENTIFIER = "com.circuit-studio.circuit-studio";
				PRODUCT_NAME = "$(TARGET_NAME)";
				SWIFT_VERSION = 4.0;
				TARGETED_DEVICE_FAMILY = 2;
			};
			name = Debug;
		};
		E9335DD12011214100C9CC9E /* Release */ = {
			isa = XCBuildConfiguration;
			baseConfigurationReference = 54F7D370E432AB6377AA9ACC /* Pods-circuit-studio.release.xcconfig */;
			buildSettings = {
				ASSETCATALOG_COMPILER_APPICON_NAME = AppIcon;
				CODE_SIGN_STYLE = Automatic;
				DEVELOPMENT_TEAM = P4PBGN25JV;
				INFOPLIST_FILE = "circuit-studio/Info.plist";
				KEEP_PRIVATE_EXTERNS = NO;
				LD_RUNPATH_SEARCH_PATHS = "$(inherited) @executable_path/Frameworks";
				PRODUCT_BUNDLE_IDENTIFIER = "com.circuit-studio.circuit-studio";
				PRODUCT_NAME = "$(TARGET_NAME)";
				SWIFT_VERSION = 4.0;
				TARGETED_DEVICE_FAMILY = 2;
			};
			name = Release;
		};
		E9335DD32011214100C9CC9E /* Debug */ = {
			isa = XCBuildConfiguration;
			baseConfigurationReference = A66CA76F94C6C6D4DD19E3B2 /* Pods-circuit-studioTests.debug.xcconfig */;
			buildSettings = {
				ALWAYS_EMBED_SWIFT_STANDARD_LIBRARIES = YES;
				BUNDLE_LOADER = "$(TEST_HOST)";
				CODE_SIGN_STYLE = Automatic;
				INFOPLIST_FILE = "circuit-studioTests/Info.plist";
				LD_RUNPATH_SEARCH_PATHS = "$(inherited) @executable_path/Frameworks @loader_path/Frameworks";
				PRODUCT_BUNDLE_IDENTIFIER = "com.circuit-studio.circuit-studioTests";
				PRODUCT_NAME = "$(TARGET_NAME)";
				SWIFT_VERSION = 4.0;
				TARGETED_DEVICE_FAMILY = "1,2";
				TEST_HOST = "$(BUILT_PRODUCTS_DIR)/circuit-studio.app/circuit-studio";
			};
			name = Debug;
		};
		E9335DD42011214100C9CC9E /* Release */ = {
			isa = XCBuildConfiguration;
			baseConfigurationReference = 63B99E70F2266AE75E90E172 /* Pods-circuit-studioTests.release.xcconfig */;
			buildSettings = {
				ALWAYS_EMBED_SWIFT_STANDARD_LIBRARIES = YES;
				BUNDLE_LOADER = "$(TEST_HOST)";
				CODE_SIGN_STYLE = Automatic;
				INFOPLIST_FILE = "circuit-studioTests/Info.plist";
				LD_RUNPATH_SEARCH_PATHS = "$(inherited) @executable_path/Frameworks @loader_path/Frameworks";
				PRODUCT_BUNDLE_IDENTIFIER = "com.circuit-studio.circuit-studioTests";
				PRODUCT_NAME = "$(TARGET_NAME)";
				SWIFT_VERSION = 4.0;
				TARGETED_DEVICE_FAMILY = "1,2";
				TEST_HOST = "$(BUILT_PRODUCTS_DIR)/circuit-studio.app/circuit-studio";
			};
			name = Release;
		};
		E9335DD62011214100C9CC9E /* Debug */ = {
			isa = XCBuildConfiguration;
			baseConfigurationReference = 5DD6B4DAAB3E3CFFAD87FF42 /* Pods-circuit-studioUITests.debug.xcconfig */;
			buildSettings = {
				ALWAYS_EMBED_SWIFT_STANDARD_LIBRARIES = YES;
				CODE_SIGN_STYLE = Automatic;
				INFOPLIST_FILE = "circuit-studioUITests/Info.plist";
				LD_RUNPATH_SEARCH_PATHS = "$(inherited) @executable_path/Frameworks @loader_path/Frameworks";
				PRODUCT_BUNDLE_IDENTIFIER = "com.circuit-studio.circuit-studioUITests";
				PRODUCT_NAME = "$(TARGET_NAME)";
				SWIFT_VERSION = 4.0;
				TARGETED_DEVICE_FAMILY = "1,2";
				TEST_TARGET_NAME = "circuit-studio";
			};
			name = Debug;
		};
		E9335DD72011214100C9CC9E /* Release */ = {
			isa = XCBuildConfiguration;
			baseConfigurationReference = 10BDABCF1DEFFD6A6505A97F /* Pods-circuit-studioUITests.release.xcconfig */;
			buildSettings = {
				ALWAYS_EMBED_SWIFT_STANDARD_LIBRARIES = YES;
				CODE_SIGN_STYLE = Automatic;
				INFOPLIST_FILE = "circuit-studioUITests/Info.plist";
				LD_RUNPATH_SEARCH_PATHS = "$(inherited) @executable_path/Frameworks @loader_path/Frameworks";
				PRODUCT_BUNDLE_IDENTIFIER = "com.circuit-studio.circuit-studioUITests";
				PRODUCT_NAME = "$(TARGET_NAME)";
				SWIFT_VERSION = 4.0;
				TARGETED_DEVICE_FAMILY = "1,2";
				TEST_TARGET_NAME = "circuit-studio";
			};
			name = Release;
		};
/* End XCBuildConfiguration section */

/* Begin XCConfigurationList section */
		E9335D9F2011214100C9CC9E /* Build configuration list for PBXProject "circuit-studio" */ = {
			isa = XCConfigurationList;
			buildConfigurations = (
				E9335DCD2011214100C9CC9E /* Debug */,
				E9335DCE2011214100C9CC9E /* Release */,
			);
			defaultConfigurationIsVisible = 0;
			defaultConfigurationName = Release;
		};
		E9335DCF2011214100C9CC9E /* Build configuration list for PBXNativeTarget "circuit-studio" */ = {
			isa = XCConfigurationList;
			buildConfigurations = (
				E9335DD02011214100C9CC9E /* Debug */,
				E9335DD12011214100C9CC9E /* Release */,
			);
			defaultConfigurationIsVisible = 0;
			defaultConfigurationName = Release;
		};
		E9335DD22011214100C9CC9E /* Build configuration list for PBXNativeTarget "circuit-studioTests" */ = {
			isa = XCConfigurationList;
			buildConfigurations = (
				E9335DD32011214100C9CC9E /* Debug */,
				E9335DD42011214100C9CC9E /* Release */,
			);
			defaultConfigurationIsVisible = 0;
			defaultConfigurationName = Release;
		};
		E9335DD52011214100C9CC9E /* Build configuration list for PBXNativeTarget "circuit-studioUITests" */ = {
			isa = XCConfigurationList;
			buildConfigurations = (
				E9335DD62011214100C9CC9E /* Debug */,
				E9335DD72011214100C9CC9E /* Release */,
			);
			defaultConfigurationIsVisible = 0;
			defaultConfigurationName = Release;
		};
/* End XCConfigurationList section */

/* Begin XCVersionGroup section */
		E9335DAE2011214100C9CC9E /* circuit_studio.xcdatamodeld */ = {
			isa = XCVersionGroup;
			children = (
				E9335DAF2011214100C9CC9E /* circuit_studio.xcdatamodel */,
			);
			currentVersion = E9335DAF2011214100C9CC9E /* circuit_studio.xcdatamodel */;
			path = circuit_studio.xcdatamodeld;
			sourceTree = "<group>";
			versionGroupType = wrapper.xcdatamodel;
		};
/* End XCVersionGroup section */
	};
	rootObject = E9335D9C2011214100C9CC9E /* Project object */;
}
